
Microsoft Visual Studio Solution File, Format Version 12.00
# Visual Studio Version 17
VisualStudioVersion = 17.4.33213.308
MinimumVisualStudioVersion = 10.0.40219.1
Project("{9A19113F-16F7-4668-BE54-9A1E7A4F7556}") = "EML_Helper", "EML_Helper.csproj", "{EFFACDAB-684C-44CF-A698-11C286CBB5A9}"
EndProject
Global
	GlobalSection(SolutionConfigurationPlatforms) = preSolution
		Debug|Any CPU = Debug|Any CPU
		Debug|x64 = Debug|x64
		Release|Any CPU = Release|Any CPU
		Release|x64 = Release|x64
	EndGlobalSection
	GlobalSection(ProjectConfigurationPlatforms) = postSolution
		{EFFACDAB-684C-44CF-A698-11C286CBB5A9}.Debug|Any CPU.ActiveCfg = Debug|Any CPU
		{EFFACDAB-684C-44CF-A698-11C286CBB5A9}.Debug|Any CPU.Build.0 = Debug|Any CPU
		{EFFACDAB-684C-44CF-A698-11C286CBB5A9}.Debug|x64.ActiveCfg = Debug|x64
		{EFFACDAB-684C-44CF-A698-11C286CBB5A9}.Debug|x64.Build.0 = Debug|x64
		{EFFACDAB-684C-44CF-A698-11C286CBB5A9}.Release|Any CPU.ActiveCfg = Release|Any CPU
		{EFFACDAB-684C-44CF-A698-11C286CBB5A9}.Release|Any CPU.Build.0 = Release|Any CPU
		{EFFACDAB-684C-44CF-A698-11C286CBB5A9}.Release|x64.ActiveCfg = Release|x64
		{EFFACDAB-684C-44CF-A698-11C286CBB5A9}.Release|x64.Build.0 = Release|x64
	EndGlobalSection
	GlobalSection(SolutionProperties) = preSolution
		HideSolutionNode = FALSE
	EndGlobalSection
	GlobalSection(ExtensibilityGlobals) = postSolution
		SolutionGuid = {7FE7CB2E-40AE-4B22-8D1C-89BA4077E0F9}
	EndGlobalSection
EndGlobal
